
Microsoft Visual Studio Solution File, Format Version 12.00
# Visual Studio Version 17
VisualStudioVersion = 17.5.33530.505
MinimumVisualStudioVersion = 10.0.40219.1
Project("{FAE04EC0-301F-11D3-BF4B-00C04F79EFBC}") = "Деканат", "Деканат\Деканат.csproj", "{8991993B-8ADB-4BA4-BB47-EC935FB5D3CF}"
EndProject
Global
	GlobalSection(SolutionConfigurationPlatforms) = preSolution
		Debug|Any CPU = Debug|Any CPU
		Release|Any CPU = Release|Any CPU
	EndGlobalSection
	GlobalSection(ProjectConfigurationPlatforms) = postSolution
		{8991993B-8ADB-4BA4-BB47-EC935FB5D3CF}.Debug|Any CPU.ActiveCfg = Debug|Any CPU
		{8991993B-8ADB-4BA4-BB47-EC935FB5D3CF}.Debug|Any CPU.Build.0 = Debug|Any CPU
		{8991993B-8ADB-4BA4-BB47-EC935FB5D3CF}.Release|Any CPU.ActiveCfg = Release|Any CPU
		{8991993B-8ADB-4BA4-BB47-EC935FB5D3CF}.Release|Any CPU.Build.0 = Release|Any CPU
	EndGlobalSection
	GlobalSection(SolutionProperties) = preSolution
		HideSolutionNode = FALSE
	EndGlobalSection
	GlobalSection(ExtensibilityGlobals) = postSolution
		SolutionGuid = {B3B6CE46-CEB7-45CB-BE95-B7369CE1576C}
	EndGlobalSection
EndGlobal
